
Microsoft Visual Studio Solution File, Format Version 12.00
# Visual Studio Version 16
VisualStudioVersion = 16.0.30204.135
MinimumVisualStudioVersion = 10.0.40219.1
Project("{FAE04EC0-301F-11D3-BF4B-00C04F79EFBC}") = "WindowsFormsApp9", "WindowsFormsApp9.csproj", "{7C2DBE9D-28B3-4608-8863-B0DE84310840}"
EndProject
Global
	GlobalSection(SolutionConfigurationPlatforms) = preSolution
		Debug|Any CPU = Debug|Any CPU
		Release|Any CPU = Release|Any CPU
	EndGlobalSection
	GlobalSection(ProjectConfigurationPlatforms) = postSolution
		{7C2DBE9D-28B3-4608-8863-B0DE84310840}.Debug|Any CPU.ActiveCfg = Debug|Any CPU
		{7C2DBE9D-28B3-4608-8863-B0DE84310840}.Debug|Any CPU.Build.0 = Debug|Any CPU
		{7C2DBE9D-28B3-4608-8863-B0DE84310840}.Release|Any CPU.ActiveCfg = Release|Any CPU
		{7C2DBE9D-28B3-4608-8863-B0DE84310840}.Release|Any CPU.Build.0 = Release|Any CPU
	EndGlobalSection
	GlobalSection(SolutionProperties) = preSolution
		HideSolutionNode = FALSE
	EndGlobalSection
	GlobalSection(ExtensibilityGlobals) = postSolution
		SolutionGuid = {32D93AD0-978B-4045-B993-9D815A1B8BD3}
	EndGlobalSection
EndGlobal
